// !$*UTF8*$!
{
	archiveVersion = 1;
	classes = {
	};
	objectVersion = 55;
	objects = {

/* Begin PBXBuildFile section */
		1A66364E28677CFA00B3B6CE /* CountriesApp.swift in Sources */ = {isa = PBXBuildFile; fileRef = 1A66364D28677CFA00B3B6CE /* CountriesApp.swift */; };
		1A66365228677CFC00B3B6CE /* Assets.xcassets in Resources */ = {isa = PBXBuildFile; fileRef = 1A66365128677CFC00B3B6CE /* Assets.xcassets */; };
		1A66365528677CFC00B3B6CE /* Preview Assets.xcassets in Resources */ = {isa = PBXBuildFile; fileRef = 1A66365428677CFC00B3B6CE /* Preview Assets.xcassets */; };
		1A66365D28677D8300B3B6CE /* CountriesModel.swift in Sources */ = {isa = PBXBuildFile; fileRef = 1A66365C28677D8300B3B6CE /* CountriesModel.swift */; };
		1A66366028677DC000B3B6CE /* DownloaderClient.swift in Sources */ = {isa = PBXBuildFile; fileRef = 1A66365F28677DC000B3B6CE /* DownloaderClient.swift */; };
		1A66366428677E3A00B3B6CE /* FavoriteCountries.swift in Sources */ = {isa = PBXBuildFile; fileRef = 1A66366328677E3A00B3B6CE /* FavoriteCountries.swift */; };
		1A66366628677E6800B3B6CE /* Constants.swift in Sources */ = {isa = PBXBuildFile; fileRef = 1A66366528677E6800B3B6CE /* Constants.swift */; };
		1A66366828677E8D00B3B6CE /* CountryDetailedView.swift in Sources */ = {isa = PBXBuildFile; fileRef = 1A66366728677E8D00B3B6CE /* CountryDetailedView.swift */; };
		1A66366A28677EA800B3B6CE /* CountryFavoritesView.swift in Sources */ = {isa = PBXBuildFile; fileRef = 1A66366928677EA800B3B6CE /* CountryFavoritesView.swift */; };
		1A66366C28677EC600B3B6CE /* CountryListView.swift in Sources */ = {isa = PBXBuildFile; fileRef = 1A66366B28677EC600B3B6CE /* CountryListView.swift */; };
		1A66366E28677EF700B3B6CE /* LandingView.swift in Sources */ = {isa = PBXBuildFile; fileRef = 1A66366D28677EF700B3B6CE /* LandingView.swift */; };
		1A66367128677F3600B3B6CE /* SDWebImageSwiftUI in Frameworks */ = {isa = PBXBuildFile; productRef = 1A66367028677F3600B3B6CE /* SDWebImageSwiftUI */; };
		1A66367428677F6D00B3B6CE /* SDWebImageSVGCoder in Frameworks */ = {isa = PBXBuildFile; productRef = 1A66367328677F6D00B3B6CE /* SDWebImageSVGCoder */; };
/* End PBXBuildFile section */

/* Begin PBXFileReference section */
		1A66364A28677CFA00B3B6CE /* Countries.app */ = {isa = PBXFileReference; explicitFileType = wrapper.application; includeInIndex = 0; path = Countries.app; sourceTree = BUILT_PRODUCTS_DIR; };
		1A66364D28677CFA00B3B6CE /* CountriesApp.swift */ = {isa = PBXFileReference; lastKnownFileType = sourcecode.swift; path = CountriesApp.swift; sourceTree = "<group>"; };
		1A66365128677CFC00B3B6CE /* Assets.xcassets */ = {isa = PBXFileReference; lastKnownFileType = folder.assetcatalog; path = Assets.xcassets; sourceTree = "<group>"; };
		1A66365428677CFC00B3B6CE /* Preview Assets.xcassets */ = {isa = PBXFileReference; lastKnownFileType = folder.assetcatalog; path = "Preview Assets.xcassets"; sourceTree = "<group>"; };
		1A66365C28677D8300B3B6CE /* CountriesModel.swift */ = {isa = PBXFileReference; lastKnownFileType = sourcecode.swift; path = CountriesModel.swift; sourceTree = "<group>"; };
		1A66365F28677DC000B3B6CE /* DownloaderClient.swift */ = {isa = PBXFileReference; lastKnownFileType = sourcecode.swift; path = DownloaderClient.swift; sourceTree = "<group>"; };
		1A66366328677E3A00B3B6CE /* FavoriteCountries.swift */ = {isa = PBXFileReference; lastKnownFileType = sourcecode.swift; path = FavoriteCountries.swift; sourceTree = "<group>"; };
		1A66366528677E6800B3B6CE /* Constants.swift */ = {isa = PBXFileReference; lastKnownFileType = sourcecode.swift; path = Constants.swift; sourceTree = "<group>"; };
		1A66366728677E8D00B3B6CE /* CountryDetailedView.swift */ = {isa = PBXFileReference; lastKnownFileType = sourcecode.swift; path = CountryDetailedView.swift; sourceTree = "<group>"; };
		1A66366928677EA800B3B6CE /* CountryFavoritesView.swift */ = {isa = PBXFileReference; lastKnownFileType = sourcecode.swift; path = CountryFavoritesView.swift; sourceTree = "<group>"; };
		1A66366B28677EC600B3B6CE /* CountryListView.swift */ = {isa = PBXFileReference; lastKnownFileType = sourcecode.swift; path = CountryListView.swift; sourceTree = "<group>"; };
		1A66366D28677EF700B3B6CE /* LandingView.swift */ = {isa = PBXFileReference; lastKnownFileType = sourcecode.swift; path = LandingView.swift; sourceTree = "<group>"; };
/* End PBXFileReference section */

/* Begin PBXFrameworksBuildPhase section */
		1A66364728677CFA00B3B6CE /* Frameworks */ = {
			isa = PBXFrameworksBuildPhase;
			buildActionMask = 2147483647;
			files = (
				1A66367128677F3600B3B6CE /* SDWebImageSwiftUI in Frameworks */,
				1A66367428677F6D00B3B6CE /* SDWebImageSVGCoder in Frameworks */,
			);
			runOnlyForDeploymentPostprocessing = 0;
		};
/* End PBXFrameworksBuildPhase section */

/* Begin PBXGroup section */
		1A66364128677CFA00B3B6CE = {
			isa = PBXGroup;
			children = (
				1A66364C28677CFA00B3B6CE /* Countries */,
				1A66364B28677CFA00B3B6CE /* Products */,
			);
			sourceTree = "<group>";
		};
		1A66364B28677CFA00B3B6CE /* Products */ = {
			isa = PBXGroup;
			children = (
				1A66364A28677CFA00B3B6CE /* Countries.app */,
			);
			name = Products;
			sourceTree = "<group>";
		};
		1A66364C28677CFA00B3B6CE /* Countries */ = {
			isa = PBXGroup;
			children = (
				1A66366228677E0600B3B6CE /* View */,
				1A66366128677DF900B3B6CE /* App */,
				1A66365E28677DA100B3B6CE /* Service */,
				1A66365B28677D6600B3B6CE /* Model */,
				1A66365128677CFC00B3B6CE /* Assets.xcassets */,
				1A66365328677CFC00B3B6CE /* Preview Content */,
			);
			path = Countries;
			sourceTree = "<group>";
		};
		1A66365328677CFC00B3B6CE /* Preview Content */ = {
			isa = PBXGroup;
			children = (
				1A66365428677CFC00B3B6CE /* Preview Assets.xcassets */,
			);
			path = "Preview Content";
			sourceTree = "<group>";
		};
		1A66365B28677D6600B3B6CE /* Model */ = {
			isa = PBXGroup;
			children = (
				1A66365C28677D8300B3B6CE /* CountriesModel.swift */,
				1A66366328677E3A00B3B6CE /* FavoriteCountries.swift */,
			);
			path = Model;
			sourceTree = "<group>";
		};
		1A66365E28677DA100B3B6CE /* Service */ = {
			isa = PBXGroup;
			children = (
				1A66365F28677DC000B3B6CE /* DownloaderClient.swift */,
				1A66366528677E6800B3B6CE /* Constants.swift */,
			);
			path = Service;
			sourceTree = "<group>";
		};
		1A66366128677DF900B3B6CE /* App */ = {
			isa = PBXGroup;
			children = (
				1A66364D28677CFA00B3B6CE /* CountriesApp.swift */,
			);
			path = App;
			sourceTree = "<group>";
		};
		1A66366228677E0600B3B6CE /* View */ = {
			isa = PBXGroup;
			children = (
				1A66366728677E8D00B3B6CE /* CountryDetailedView.swift */,
				1A66366928677EA800B3B6CE /* CountryFavoritesView.swift */,
				1A66366B28677EC600B3B6CE /* CountryListView.swift */,
				1A66366D28677EF700B3B6CE /* LandingView.swift */,
			);
			path = View;
			sourceTree = "<group>";
		};
/* End PBXGroup section */

/* Begin PBXNativeTarget section */
		1A66364928677CFA00B3B6CE /* Countries */ = {
			isa = PBXNativeTarget;
			buildConfigurationList = 1A66365828677CFC00B3B6CE /* Build configuration list for PBXNativeTarget "Countries" */;
			buildPhases = (
				1A66364628677CFA00B3B6CE /* Sources */,
				1A66364728677CFA00B3B6CE /* Frameworks */,
				1A66364828677CFA00B3B6CE /* Resources */,
			);
			buildRules = (
			);
			dependencies = (
			);
			name = Countries;
			packageProductDependencies = (
				1A66367028677F3600B3B6CE /* SDWebImageSwiftUI */,
				1A66367328677F6D00B3B6CE /* SDWebImageSVGCoder */,
			);
			productName = Countries;
			productReference = 1A66364A28677CFA00B3B6CE /* Countries.app */;
			productType = "com.apple.product-type.application";
		};
/* End PBXNativeTarget section */

/* Begin PBXProject section */
		1A66364228677CFA00B3B6CE /* Project object */ = {
			isa = PBXProject;
			attributes = {
				BuildIndependentTargetsInParallel = 1;
				LastSwiftUpdateCheck = 1340;
				LastUpgradeCheck = 1340;
				TargetAttributes = {
					1A66364928677CFA00B3B6CE = {
						CreatedOnToolsVersion = 13.4.1;
					};
				};
			};
			buildConfigurationList = 1A66364528677CFA00B3B6CE /* Build configuration list for PBXProject "Countries" */;
			compatibilityVersion = "Xcode 13.0";
			developmentRegion = en;
			hasScannedForEncodings = 0;
			knownRegions = (
				en,
				Base,
			);
			mainGroup = 1A66364128677CFA00B3B6CE;
			packageReferences = (
				1A66366F28677F3600B3B6CE /* XCRemoteSwiftPackageReference "SDWebImageSwiftUI" */,
				1A66367228677F6D00B3B6CE /* XCRemoteSwiftPackageReference "SDWebImageSVGCoder" */,
			);
			productRefGroup = 1A66364B28677CFA00B3B6CE /* Products */;
			projectDirPath = "";
			projectRoot = "";
			targets = (
				1A66364928677CFA00B3B6CE /* Countries */,
			);
		};
/* End PBXProject section */

/* Begin PBXResourcesBuildPhase section */
		1A66364828677CFA00B3B6CE /* Resources */ = {
			isa = PBXResourcesBuildPhase;
			buildActionMask = 2147483647;
			files = (
				1A66365528677CFC00B3B6CE /* Preview Assets.xcassets in Resources */,
				1A66365228677CFC00B3B6CE /* Assets.xcassets in Resources */,
			);
			runOnlyForDeploymentPostprocessing = 0;
		};
/* End PBXResourcesBuildPhase section */

/* Begin PBXSourcesBuildPhase section */
		1A66364628677CFA00B3B6CE /* Sources */ = {
			isa = PBXSourcesBuildPhase;
			buildActionMask = 2147483647;
			files = (
				1A66366C28677EC600B3B6CE /* CountryListView.swift in Sources */,
				1A66365D28677D8300B3B6CE /* CountriesModel.swift in Sources */,
				1A66366828677E8D00B3B6CE /* CountryDetailedView.swift in Sources */,
				1A66364E28677CFA00B3B6CE /* CountriesApp.swift in Sources */,
				1A66366028677DC000B3B6CE /* DownloaderClient.swift in Sources */,
				1A66366E28677EF700B3B6CE /* LandingView.swift in Sources */,
				1A66366428677E3A00B3B6CE /* FavoriteCountries.swift in Sources */,
				1A66366628677E6800B3B6CE /* Constants.swift in Sources */,
				1A66366A28677EA800B3B6CE /* CountryFavoritesView.swift in Sources */,
			);
			runOnlyForDeploymentPostprocessing = 0;
		};
/* End PBXSourcesBuildPhase section */

/* Begin XCBuildConfiguration section */
		1A66365628677CFC00B3B6CE /* Debug */ = {
			isa = XCBuildConfiguration;
			buildSettings = {
				ALWAYS_SEARCH_USER_PATHS = NO;
				CLANG_ANALYZER_NONNULL = YES;
				CLANG_ANALYZER_NUMBER_OBJECT_CONVERSION = YES_AGGRESSIVE;
				CLANG_CXX_LANGUAGE_STANDARD = "gnu++17";
				CLANG_ENABLE_MODULES = YES;
				CLANG_ENABLE_OBJC_ARC = YES;
				CLANG_ENABLE_OBJC_WEAK = YES;
				CLANG_WARN_BLOCK_CAPTURE_AUTORELEASING = YES;
				CLANG_WARN_BOOL_CONVERSION = YES;
				CLANG_WARN_COMMA = YES;
				CLANG_WARN_CONSTANT_CONVERSION = YES;
				CLANG_WARN_DEPRECATED_OBJC_IMPLEMENTATIONS = YES;
				CLANG_WARN_DIRECT_OBJC_ISA_USAGE = YES_ERROR;
				CLANG_WARN_DOCUMENTATION_COMMENTS = YES;
				CLANG_WARN_EMPTY_BODY = YES;
				CLANG_WARN_ENUM_CONVERSION = YES;
				CLANG_WARN_INFINITE_RECURSION = YES;
				CLANG_WARN_INT_CONVERSION = YES;
				CLANG_WARN_NON_LITERAL_NULL_CONVERSION = YES;
				CLANG_WARN_OBJC_IMPLICIT_RETAIN_SELF = YES;
				CLANG_WARN_OBJC_LITERAL_CONVERSION = YES;
				CLANG_WARN_OBJC_ROOT_CLASS = YES_ERROR;
				CLANG_WARN_QUOTED_INCLUDE_IN_FRAMEWORK_HEADER = YES;
				CLANG_WARN_RANGE_LOOP_ANALYSIS = YES;
				CLANG_WARN_STRICT_PROTOTYPES = YES;
				CLANG_WARN_SUSPICIOUS_MOVE = YES;
				CLANG_WARN_UNGUARDED_AVAILABILITY = YES_AGGRESSIVE;
				CLANG_WARN_UNREACHABLE_CODE = YES;
				CLANG_WARN__DUPLICATE_METHOD_MATCH = YES;
				COPY_PHASE_STRIP = NO;
				DEBUG_INFORMATION_FORMAT = dwarf;
				ENABLE_STRICT_OBJC_MSGSEND = YES;
				ENABLE_TESTABILITY = YES;
				GCC_C_LANGUAGE_STANDARD = gnu11;
				GCC_DYNAMIC_NO_PIC = NO;
				GCC_NO_COMMON_BLOCKS = YES;
				GCC_OPTIMIZATION_LEVEL = 0;
				GCC_PREPROCESSOR_DEFINITIONS = (
					"DEBUG=1",
					"$(inherited)",
				);
				GCC_WARN_64_TO_32_BIT_CONVERSION = YES;
				GCC_WARN_ABOUT_RETURN_TYPE = YES_ERROR;
				GCC_WARN_UNDECLARED_SELECTOR = YES;
				GCC_WARN_UNINITIALIZED_AUTOS = YES_AGGRESSIVE;
				GCC_WARN_UNUSED_FUNCTION = YES;
				GCC_WARN_UNUSED_VARIABLE = YES;
				IPHONEOS_DEPLOYMENT_TARGET = 15.5;
				MTL_ENABLE_DEBUG_INFO = INCLUDE_SOURCE;
				MTL_FAST_MATH = YES;
				ONLY_ACTIVE_ARCH = YES;
				SDKROOT = iphoneos;
				SWIFT_ACTIVE_COMPILATION_CONDITIONS = DEBUG;
				SWIFT_OPTIMIZATION_LEVEL = "-Onone";
			};
			name = Debug;
		};
		1A66365728677CFC00B3B6CE /* Release */ = {
			isa = XCBuildConfiguration;
			buildSettings = {
				ALWAYS_SEARCH_USER_PATHS = NO;
				CLANG_ANALYZER_NONNULL = YES;
				CLANG_ANALYZER_NUMBER_OBJECT_CONVERSION = YES_AGGRESSIVE;
				CLANG_CXX_LANGUAGE_STANDARD = "gnu++17";
				CLANG_ENABLE_MODULES = YES;
				CLANG_ENABLE_OBJC_ARC = YES;
				CLANG_ENABLE_OBJC_WEAK = YES;
				CLANG_WARN_BLOCK_CAPTURE_AUTORELEASING = YES;
				CLANG_WARN_BOOL_CONVERSION = YES;
				CLANG_WARN_COMMA = YES;
				CLANG_WARN_CONSTANT_CONVERSION = YES;
				CLANG_WARN_DEPRECATED_OBJC_IMPLEMENTATIONS = YES;
				CLANG_WARN_DIRECT_OBJC_ISA_USAGE = YES_ERROR;
				CLANG_WARN_DOCUMENTATION_COMMENTS = YES;
				CLANG_WARN_EMPTY_BODY = YES;
				CLANG_WARN_ENUM_CONVERSION = YES;
				CLANG_WARN_INFINITE_RECURSION = YES;
				CLANG_WARN_INT_CONVERSION = YES;
				CLANG_WARN_NON_LITERAL_NULL_CONVERSION = YES;
				CLANG_WARN_OBJC_IMPLICIT_RETAIN_SELF = YES;
				CLANG_WARN_OBJC_LITERAL_CONVERSION = YES;
				CLANG_WARN_OBJC_ROOT_CLASS = YES_ERROR;
				CLANG_WARN_QUOTED_INCLUDE_IN_FRAMEWORK_HEADER = YES;
				CLANG_WARN_RANGE_LOOP_ANALYSIS = YES;
				CLANG_WARN_STRICT_PROTOTYPES = YES;
				CLANG_WARN_SUSPICIOUS_MOVE = YES;
				CLANG_WARN_UNGUARDED_AVAILABILITY = YES_AGGRESSIVE;
				CLANG_WARN_UNREACHABLE_CODE = YES;
				CLANG_WARN__DUPLICATE_METHOD_MATCH = YES;
				COPY_PHASE_STRIP = NO;
				DEBUG_INFORMATION_FORMAT = "dwarf-with-dsym";
				ENABLE_NS_ASSERTIONS = NO;
				ENABLE_STRICT_OBJC_MSGSEND = YES;
				GCC_C_LANGUAGE_STANDARD = gnu11;
				GCC_NO_COMMON_BLOCKS = YES;
				GCC_WARN_64_TO_32_BIT_CONVERSION = YES;
				GCC_WARN_ABOUT_RETURN_TYPE = YES_ERROR;
				GCC_WARN_UNDECLARED_SELECTOR = YES;
				GCC_WARN_UNINITIALIZED_AUTOS = YES_AGGRESSIVE;
				GCC_WARN_UNUSED_FUNCTION = YES;
				GCC_WARN_UNUSED_VARIABLE = YES;
				IPHONEOS_DEPLOYMENT_TARGET = 15.5;
				MTL_ENABLE_DEBUG_INFO = NO;
				MTL_FAST_MATH = YES;
				SDKROOT = iphoneos;
				SWIFT_COMPILATION_MODE = wholemodule;
				SWIFT_OPTIMIZATION_LEVEL = "-O";
				VALIDATE_PRODUCT = YES;
			};
			name = Release;
		};
		1A66365928677CFC00B3B6CE /* Debug */ = {
			isa = XCBuildConfiguration;
			buildSettings = {
				ASSETCATALOG_COMPILER_APPICON_NAME = AppIcon;
				ASSETCATALOG_COMPILER_GLOBAL_ACCENT_COLOR_NAME = AccentColor;
				CODE_SIGN_STYLE = Automatic;
				CURRENT_PROJECT_VERSION = 1;
				DEVELOPMENT_ASSET_PATHS = "\"Countries/Preview Content\"";
				DEVELOPMENT_TEAM = L49ZU532QC;
				ENABLE_PREVIEWS = YES;
				GENERATE_INFOPLIST_FILE = YES;
				INFOPLIST_KEY_UIApplicationSceneManifest_Generation = YES;
				INFOPLIST_KEY_UIApplicationSupportsIndirectInputEvents = YES;
				INFOPLIST_KEY_UILaunchScreen_Generation = YES;
				INFOPLIST_KEY_UISupportedInterfaceOrientations_iPad = "UIInterfaceOrientationPortrait UIInterfaceOrientationPortraitUpsideDown UIInterfaceOrientationLandscapeLeft UIInterfaceOrientationLandscapeRight";
				INFOPLIST_KEY_UISupportedInterfaceOrientations_iPhone = "UIInterfaceOrientationPortrait UIInterfaceOrientationLandscapeLeft UIInterfaceOrientationLandscapeRight";
				LD_RUNPATH_SEARCH_PATHS = (
					"$(inherited)",
					"@executable_path/Frameworks",
				);
				MARKETING_VERSION = 1.0;
				PRODUCT_BUNDLE_IDENTIFIER = com.wasabi.Countries;
				PRODUCT_NAME = "$(TARGET_NAME)";
				SWIFT_EMIT_LOC_STRINGS = YES;
				SWIFT_VERSION = 5.0;
				TARGETED_DEVICE_FAMILY = "1,2";
			};
			name = Debug;
		};
		1A66365A28677CFC00B3B6CE /* Release */ = {
			isa = XCBuildConfiguration;
			buildSettings = {
				ASSETCATALOG_COMPILER_APPICON_NAME = AppIcon;
				ASSETCATALOG_COMPILER_GLOBAL_ACCENT_COLOR_NAME = AccentColor;
				CODE_SIGN_STYLE = Automatic;
				CURRENT_PROJECT_VERSION = 1;
				DEVELOPMENT_ASSET_PATHS = "\"Countries/Preview Content\"";
				DEVELOPMENT_TEAM = L49ZU532QC;
				ENABLE_PREVIEWS = YES;
				GENERATE_INFOPLIST_FILE = YES;
				INFOPLIST_KEY_UIApplicationSceneManifest_Generation = YES;
				INFOPLIST_KEY_UIApplicationSupportsIndirectInputEvents = YES;
				INFOPLIST_KEY_UILaunchScreen_Generation = YES;
				INFOPLIST_KEY_UISupportedInterfaceOrientations_iPad = "UIInterfaceOrientationPortrait UIInterfaceOrientationPortraitUpsideDown UIInterfaceOrientationLandscapeLeft UIInterfaceOrientationLandscapeRight";
				INFOPLIST_KEY_UISupportedInterfaceOrientations_iPhone = "UIInterfaceOrientationPortrait UIInterfaceOrientationLandscapeLeft UIInterfaceOrientationLandscapeRight";
				LD_RUNPATH_SEARCH_PATHS = (
					"$(inherited)",
					"@executable_path/Frameworks",
				);
				MARKETING_VERSION = 1.0;
				PRODUCT_BUNDLE_IDENTIFIER = com.wasabi.Countries;
				PRODUCT_NAME = "$(TARGET_NAME)";
				SWIFT_EMIT_LOC_STRINGS = YES;
				SWIFT_VERSION = 5.0;
				TARGETED_DEVICE_FAMILY = "1,2";
			};
			name = Release;
		};
/* End XCBuildConfiguration section */

/* Begin XCConfigurationList section */
		1A66364528677CFA00B3B6CE /* Build configuration list for PBXProject "Countries" */ = {
			isa = XCConfigurationList;
			buildConfigurations = (
				1A66365628677CFC00B3B6CE /* Debug */,
				1A66365728677CFC00B3B6CE /* Release */,
			);
			defaultConfigurationIsVisible = 0;
			defaultConfigurationName = Release;
		};
		1A66365828677CFC00B3B6CE /* Build configuration list for PBXNativeTarget "Countries" */ = {
			isa = XCConfigurationList;
			buildConfigurations = (
				1A66365928677CFC00B3B6CE /* Debug */,
				1A66365A28677CFC00B3B6CE /* Release */,
			);
			defaultConfigurationIsVisible = 0;
			defaultConfigurationName = Release;
		};
/* End XCConfigurationList section */

/* Begin XCRemoteSwiftPackageReference section */
		1A66366F28677F3600B3B6CE /* XCRemoteSwiftPackageReference "SDWebImageSwiftUI" */ = {
			isa = XCRemoteSwiftPackageReference;
			repositoryURL = "https://github.com/SDWebImage/SDWebImageSwiftUI";
			requirement = {
				branch = master;
				kind = branch;
			};
		};
		1A66367228677F6D00B3B6CE /* XCRemoteSwiftPackageReference "SDWebImageSVGCoder" */ = {
			isa = XCRemoteSwiftPackageReference;
			repositoryURL = "https://github.com/SDWebImage/SDWebImageSVGCoder";
			requirement = {
				branch = master;
				kind = branch;
			};
		};
/* End XCRemoteSwiftPackageReference section */

/* Begin XCSwiftPackageProductDependency section */
		1A66367028677F3600B3B6CE /* SDWebImageSwiftUI */ = {
			isa = XCSwiftPackageProductDependency;
			package = 1A66366F28677F3600B3B6CE /* XCRemoteSwiftPackageReference "SDWebImageSwiftUI" */;
			productName = SDWebImageSwiftUI;
		};
		1A66367328677F6D00B3B6CE /* SDWebImageSVGCoder */ = {
			isa = XCSwiftPackageProductDependency;
			package = 1A66367228677F6D00B3B6CE /* XCRemoteSwiftPackageReference "SDWebImageSVGCoder" */;
			productName = SDWebImageSVGCoder;
		};
/* End XCSwiftPackageProductDependency section */
	};
	rootObject = 1A66364228677CFA00B3B6CE /* Project object */;
}
